
Microsoft Visual Studio Solution File, Format Version 12.00
# Visual Studio Version 16
VisualStudioVersion = 16.0.29215.179
MinimumVisualStudioVersion = 10.0.40219.1
Project("{FAE04EC0-301F-11D3-BF4B-00C04F79EFBC}") = "DbFinalExam", "DbFinalExam\DbFinalExam.csproj", "{7D5757A7-BA72-4F37-B52B-7533B1909453}"
EndProject
Global
	GlobalSection(SolutionConfigurationPlatforms) = preSolution
		Debug|Any CPU = Debug|Any CPU
		Release|Any CPU = Release|Any CPU
		TestDb|Any CPU = TestDb|Any CPU
	EndGlobalSection
	GlobalSection(ProjectConfigurationPlatforms) = postSolution
		{7D5757A7-BA72-4F37-B52B-7533B1909453}.Debug|Any CPU.ActiveCfg = Debug|Any CPU
		{7D5757A7-BA72-4F37-B52B-7533B1909453}.Debug|Any CPU.Build.0 = Debug|Any CPU
		{7D5757A7-BA72-4F37-B52B-7533B1909453}.Release|Any CPU.ActiveCfg = Release|Any CPU
		{7D5757A7-BA72-4F37-B52B-7533B1909453}.Release|Any CPU.Build.0 = Release|Any CPU
		{7D5757A7-BA72-4F37-B52B-7533B1909453}.TestDb|Any CPU.ActiveCfg = TestDb|Any CPU
		{7D5757A7-BA72-4F37-B52B-7533B1909453}.TestDb|Any CPU.Build.0 = TestDb|Any CPU
	EndGlobalSection
	GlobalSection(SolutionProperties) = preSolution
		HideSolutionNode = FALSE
	EndGlobalSection
	GlobalSection(ExtensibilityGlobals) = postSolution
		SolutionGuid = {0C7622D9-A6E2-400A-AA89-028B4653F928}
	EndGlobalSection
EndGlobal
